// !$*UTF8*$!
{
	archiveVersion = 1;
	classes = {
	};
	objectVersion = 56;
	objects = {

/* Begin PBXBuildFile section */
		174C032F29E41043004D53A9 /* WorkoutStartViewModel.swift in Sources */ = {isa = PBXBuildFile; fileRef = 174C032E29E41043004D53A9 /* WorkoutStartViewModel.swift */; };
		177D75EC29EB059600CDEB83 /* BMIDataContent.swift in Sources */ = {isa = PBXBuildFile; fileRef = 177D75EB29EB059600CDEB83 /* BMIDataContent.swift */; };
		177D75EF29EB166800CDEB83 /* FriendsContent.swift in Sources */ = {isa = PBXBuildFile; fileRef = 177D75EE29EB166800CDEB83 /* FriendsContent.swift */; };
		177D75F229ED1A2900CDEB83 /* FriendListView.swift in Sources */ = {isa = PBXBuildFile; fileRef = 177D75F129ED1A2900CDEB83 /* FriendListView.swift */; };
		177D75F52A04F0A000CDEB83 /* SDWebImageSwiftUI in Frameworks */ = {isa = PBXBuildFile; productRef = 177D75F42A04F0A000CDEB83 /* SDWebImageSwiftUI */; };
		177D75F72A04F64D00CDEB83 /* ImageLoader.swift in Sources */ = {isa = PBXBuildFile; fileRef = 177D75F62A04F64D00CDEB83 /* ImageLoader.swift */; };
		17DE288229B1C6EB00F5C186 /* Fi2App.swift in Sources */ = {isa = PBXBuildFile; fileRef = 17DE288129B1C6EB00F5C186 /* Fi2App.swift */; };
		17DE288429B1C6EB00F5C186 /* ContentView.swift in Sources */ = {isa = PBXBuildFile; fileRef = 17DE288329B1C6EB00F5C186 /* ContentView.swift */; };
		17DE288629B1C6EC00F5C186 /* Assets.xcassets in Resources */ = {isa = PBXBuildFile; fileRef = 17DE288529B1C6EC00F5C186 /* Assets.xcassets */; };
		17DE288929B1C6EC00F5C186 /* Preview Assets.xcassets in Resources */ = {isa = PBXBuildFile; fileRef = 17DE288829B1C6EC00F5C186 /* Preview Assets.xcassets */; };
		17DE289329B1C6EC00F5C186 /* Fi2Tests.swift in Sources */ = {isa = PBXBuildFile; fileRef = 17DE289229B1C6EC00F5C186 /* Fi2Tests.swift */; };
		17DE289D29B1C6EC00F5C186 /* Fi2UITests.swift in Sources */ = {isa = PBXBuildFile; fileRef = 17DE289C29B1C6EC00F5C186 /* Fi2UITests.swift */; };
		17DE289F29B1C6EC00F5C186 /* Fi2UITestsLaunchTests.swift in Sources */ = {isa = PBXBuildFile; fileRef = 17DE289E29B1C6EC00F5C186 /* Fi2UITestsLaunchTests.swift */; };
		17DE28AC29B1C78E00F5C186 /* GoogleService-Info.plist in Resources */ = {isa = PBXBuildFile; fileRef = 17DE28AB29B1C78E00F5C186 /* GoogleService-Info.plist */; };
		17DE28AF29B1C9F500F5C186 /* FirebaseAnalytics in Frameworks */ = {isa = PBXBuildFile; productRef = 17DE28AE29B1C9F500F5C186 /* FirebaseAnalytics */; };
		17DE28B129B1C9F500F5C186 /* FirebaseAnalyticsSwift in Frameworks */ = {isa = PBXBuildFile; productRef = 17DE28B029B1C9F500F5C186 /* FirebaseAnalyticsSwift */; };
		17DE28B429B1CBFD00F5C186 /* LoginView.swift in Sources */ = {isa = PBXBuildFile; fileRef = 17DE28B329B1CBFD00F5C186 /* LoginView.swift */; };
		17DE28B729B1CD0D00F5C186 /* FirebaseAuth in Frameworks */ = {isa = PBXBuildFile; productRef = 17DE28B629B1CD0D00F5C186 /* FirebaseAuth */; };
		17DE28BA29B1CFD200F5C186 /* LoginViewModel.swift in Sources */ = {isa = PBXBuildFile; fileRef = 17DE28B929B1CFD200F5C186 /* LoginViewModel.swift */; };
		17DE28BE29B1D29100F5C186 /* MenuPageView.swift in Sources */ = {isa = PBXBuildFile; fileRef = 17DE28BD29B1D29100F5C186 /* MenuPageView.swift */; };
		17DE28CF29B5C90C00F5C186 /* BMIView.swift in Sources */ = {isa = PBXBuildFile; fileRef = 17DE28CE29B5C90C00F5C186 /* BMIView.swift */; };
		17DE28D129B5C91700F5C186 /* WorkoutMenuView.swift in Sources */ = {isa = PBXBuildFile; fileRef = 17DE28D029B5C91700F5C186 /* WorkoutMenuView.swift */; };
		17DE28D329B5C92900F5C186 /* CustomWorkoutView.swift in Sources */ = {isa = PBXBuildFile; fileRef = 17DE28D229B5C92900F5C186 /* CustomWorkoutView.swift */; };
		17FAD86229BF05B20035AF33 /* ProfileView.swift in Sources */ = {isa = PBXBuildFile; fileRef = 17FAD86129BF05B20035AF33 /* ProfileView.swift */; };
		17FAD86429BF089F0035AF33 /* BMIViewModel.swift in Sources */ = {isa = PBXBuildFile; fileRef = 17FAD86329BF089F0035AF33 /* BMIViewModel.swift */; };
		17FAD86629C43D0C0035AF33 /* ProfileViewModel.swift in Sources */ = {isa = PBXBuildFile; fileRef = 17FAD86529C43D0C0035AF33 /* ProfileViewModel.swift */; };
		17FAD86A29C5EFC00035AF33 /* EditProfileView.swift in Sources */ = {isa = PBXBuildFile; fileRef = 17FAD86929C5EFC00035AF33 /* EditProfileView.swift */; };
		17FAD86C29C601B30035AF33 /* EditProfileViewModel.swift in Sources */ = {isa = PBXBuildFile; fileRef = 17FAD86B29C601B30035AF33 /* EditProfileViewModel.swift */; };
		17FAD86E29C74B7D0035AF33 /* CustomWorkoutViewModel.swift in Sources */ = {isa = PBXBuildFile; fileRef = 17FAD86D29C74B7D0035AF33 /* CustomWorkoutViewModel.swift */; };
		17FAD87129C74CEB0035AF33 /* CustomWorkoutContent.swift in Sources */ = {isa = PBXBuildFile; fileRef = 17FAD87029C74CEB0035AF33 /* CustomWorkoutContent.swift */; };
		17FAD87329C752CE0035AF33 /* WorkoutEditorView.swift in Sources */ = {isa = PBXBuildFile; fileRef = 17FAD87229C752CE0035AF33 /* WorkoutEditorView.swift */; };
		17FAD87729C757AA0035AF33 /* WorkoutDetailView.swift in Sources */ = {isa = PBXBuildFile; fileRef = 17FAD87629C757AA0035AF33 /* WorkoutDetailView.swift */; };
		17FAD87B29C757F80035AF33 /* WorkoutStartView.swift in Sources */ = {isa = PBXBuildFile; fileRef = 17FAD87A29C757F80035AF33 /* WorkoutStartView.swift */; };
		17FAD87D29CAEDD30035AF33 /* WorkoutDetailViewModel.swift in Sources */ = {isa = PBXBuildFile; fileRef = 17FAD87C29CAEDD30035AF33 /* WorkoutDetailViewModel.swift */; };
		17FAD87F29CAEF790035AF33 /* WorkoutMenuViewModel.swift in Sources */ = {isa = PBXBuildFile; fileRef = 17FAD87E29CAEF790035AF33 /* WorkoutMenuViewModel.swift */; };
		17FAD88129D1EB500035AF33 /* ResultPopUpView.swift in Sources */ = {isa = PBXBuildFile; fileRef = 17FAD88029D1EB500035AF33 /* ResultPopUpView.swift */; };
		17FAD88429D2025E0035AF33 /* KeypadExtension.swift in Sources */ = {isa = PBXBuildFile; fileRef = 17FAD88329D2025E0035AF33 /* KeypadExtension.swift */; };
		17FAD88629D2F9200035AF33 /* FirebaseFirestore in Frameworks */ = {isa = PBXBuildFile; productRef = 17FAD88529D2F9200035AF33 /* FirebaseFirestore */; };
		17FAD88829D2F9270035AF33 /* FirebaseFirestoreSwift in Frameworks */ = {isa = PBXBuildFile; productRef = 17FAD88729D2F9270035AF33 /* FirebaseFirestoreSwift */; };
		17FAD88B29D43A220035AF33 /* WorkoutTestContent.swift in Sources */ = {isa = PBXBuildFile; fileRef = 17FAD88A29D43A220035AF33 /* WorkoutTestContent.swift */; };
		17FAD88D29D43A6A0035AF33 /* WorkoutTestModel.swift in Sources */ = {isa = PBXBuildFile; fileRef = 17FAD88C29D43A6A0035AF33 /* WorkoutTestModel.swift */; };
		17FAD88F29D43A970035AF33 /* FirebaseDatabase in Frameworks */ = {isa = PBXBuildFile; productRef = 17FAD88E29D43A970035AF33 /* FirebaseDatabase */; };
		17FAD89129D43A9C0035AF33 /* FirebaseDatabaseSwift in Frameworks */ = {isa = PBXBuildFile; productRef = 17FAD89029D43A9C0035AF33 /* FirebaseDatabaseSwift */; };
		17FAD89329D43C100035AF33 /* WorkoutTestView.swift in Sources */ = {isa = PBXBuildFile; fileRef = 17FAD89229D43C100035AF33 /* WorkoutTestView.swift */; };
		17FAD89529D43C500035AF33 /* WorkoutTestEditorView.swift in Sources */ = {isa = PBXBuildFile; fileRef = 17FAD89429D43C500035AF33 /* WorkoutTestEditorView.swift */; };
		17FAD89829D455CE0035AF33 /* WorkoutDataView.swift in Sources */ = {isa = PBXBuildFile; fileRef = 17FAD89729D455CE0035AF33 /* WorkoutDataView.swift */; };
		17FAD89A29D457F30035AF33 /* DataTitleContent.swift in Sources */ = {isa = PBXBuildFile; fileRef = 17FAD89929D457F30035AF33 /* DataTitleContent.swift */; };
		17FAD89F29D463560035AF33 /* FLAnimatedImage in Frameworks */ = {isa = PBXBuildFile; productRef = 17FAD89E29D463560035AF33 /* FLAnimatedImage */; };
		17FAD8A129D469310035AF33 /* GifImageContent.swift in Sources */ = {isa = PBXBuildFile; fileRef = 17FAD8A029D469310035AF33 /* GifImageContent.swift */; };
		17FAD8A429D731B20035AF33 /* WorkoutMenuContent.swift in Sources */ = {isa = PBXBuildFile; fileRef = 17FAD8A329D731B20035AF33 /* WorkoutMenuContent.swift */; };
/* End PBXBuildFile section */

/* Begin PBXContainerItemProxy section */
		17DE288F29B1C6EC00F5C186 /* PBXContainerItemProxy */ = {
			isa = PBXContainerItemProxy;
			containerPortal = 17DE287629B1C6EB00F5C186 /* Project object */;
			proxyType = 1;
			remoteGlobalIDString = 17DE287D29B1C6EB00F5C186;
			remoteInfo = Fi2;
		};
		17DE289929B1C6EC00F5C186 /* PBXContainerItemProxy */ = {
			isa = PBXContainerItemProxy;
			containerPortal = 17DE287629B1C6EB00F5C186 /* Project object */;
			proxyType = 1;
			remoteGlobalIDString = 17DE287D29B1C6EB00F5C186;
			remoteInfo = Fi2;
		};
/* End PBXContainerItemProxy section */

/* Begin PBXFileReference section */
		174C032E29E41043004D53A9 /* WorkoutStartViewModel.swift */ = {isa = PBXFileReference; lastKnownFileType = sourcecode.swift; path = WorkoutStartViewModel.swift; sourceTree = "<group>"; };
		177D75EB29EB059600CDEB83 /* BMIDataContent.swift */ = {isa = PBXFileReference; lastKnownFileType = sourcecode.swift; path = BMIDataContent.swift; sourceTree = "<group>"; };
		177D75EE29EB166800CDEB83 /* FriendsContent.swift */ = {isa = PBXFileReference; lastKnownFileType = sourcecode.swift; path = FriendsContent.swift; sourceTree = "<group>"; };
		177D75F129ED1A2900CDEB83 /* FriendListView.swift */ = {isa = PBXFileReference; lastKnownFileType = sourcecode.swift; path = FriendListView.swift; sourceTree = "<group>"; };
		177D75F62A04F64D00CDEB83 /* ImageLoader.swift */ = {isa = PBXFileReference; lastKnownFileType = sourcecode.swift; path = ImageLoader.swift; sourceTree = "<group>"; };
		177D75F82A05025B00CDEB83 /* Info.plist */ = {isa = PBXFileReference; lastKnownFileType = text.plist; path = Info.plist; sourceTree = "<group>"; };
		17DE287E29B1C6EB00F5C186 /* Fi2.app */ = {isa = PBXFileReference; explicitFileType = wrapper.application; includeInIndex = 0; path = Fi2.app; sourceTree = BUILT_PRODUCTS_DIR; };
		17DE288129B1C6EB00F5C186 /* Fi2App.swift */ = {isa = PBXFileReference; lastKnownFileType = sourcecode.swift; path = Fi2App.swift; sourceTree = "<group>"; };
		17DE288329B1C6EB00F5C186 /* ContentView.swift */ = {isa = PBXFileReference; lastKnownFileType = sourcecode.swift; path = ContentView.swift; sourceTree = "<group>"; };
		17DE288529B1C6EC00F5C186 /* Assets.xcassets */ = {isa = PBXFileReference; lastKnownFileType = folder.assetcatalog; path = Assets.xcassets; sourceTree = "<group>"; };
		17DE288829B1C6EC00F5C186 /* Preview Assets.xcassets */ = {isa = PBXFileReference; lastKnownFileType = folder.assetcatalog; path = "Preview Assets.xcassets"; sourceTree = "<group>"; };
		17DE288E29B1C6EC00F5C186 /* Fi2Tests.xctest */ = {isa = PBXFileReference; explicitFileType = wrapper.cfbundle; includeInIndex = 0; path = Fi2Tests.xctest; sourceTree = BUILT_PRODUCTS_DIR; };
		17DE289229B1C6EC00F5C186 /* Fi2Tests.swift */ = {isa = PBXFileReference; lastKnownFileType = sourcecode.swift; path = Fi2Tests.swift; sourceTree = "<group>"; };
		17DE289829B1C6EC00F5C186 /* Fi2UITests.xctest */ = {isa = PBXFileReference; explicitFileType = wrapper.cfbundle; includeInIndex = 0; path = Fi2UITests.xctest; sourceTree = BUILT_PRODUCTS_DIR; };
		17DE289C29B1C6EC00F5C186 /* Fi2UITests.swift */ = {isa = PBXFileReference; lastKnownFileType = sourcecode.swift; path = Fi2UITests.swift; sourceTree = "<group>"; };
		17DE289E29B1C6EC00F5C186 /* Fi2UITestsLaunchTests.swift */ = {isa = PBXFileReference; lastKnownFileType = sourcecode.swift; path = Fi2UITestsLaunchTests.swift; sourceTree = "<group>"; };
		17DE28AB29B1C78E00F5C186 /* GoogleService-Info.plist */ = {isa = PBXFileReference; fileEncoding = 4; lastKnownFileType = text.plist.xml; path = "GoogleService-Info.plist"; sourceTree = "<group>"; };
		17DE28B329B1CBFD00F5C186 /* LoginView.swift */ = {isa = PBXFileReference; lastKnownFileType = sourcecode.swift; path = LoginView.swift; sourceTree = "<group>"; };
		17DE28B929B1CFD200F5C186 /* LoginViewModel.swift */ = {isa = PBXFileReference; lastKnownFileType = sourcecode.swift; path = LoginViewModel.swift; sourceTree = "<group>"; };
		17DE28BD29B1D29100F5C186 /* MenuPageView.swift */ = {isa = PBXFileReference; lastKnownFileType = sourcecode.swift; path = MenuPageView.swift; sourceTree = "<group>"; };
		17DE28CE29B5C90C00F5C186 /* BMIView.swift */ = {isa = PBXFileReference; lastKnownFileType = sourcecode.swift; path = BMIView.swift; sourceTree = "<group>"; };
		17DE28D029B5C91700F5C186 /* WorkoutMenuView.swift */ = {isa = PBXFileReference; lastKnownFileType = sourcecode.swift; path = WorkoutMenuView.swift; sourceTree = "<group>"; };
		17DE28D229B5C92900F5C186 /* CustomWorkoutView.swift */ = {isa = PBXFileReference; lastKnownFileType = sourcecode.swift; path = CustomWorkoutView.swift; sourceTree = "<group>"; };
		17FAD86129BF05B20035AF33 /* ProfileView.swift */ = {isa = PBXFileReference; lastKnownFileType = sourcecode.swift; path = ProfileView.swift; sourceTree = "<group>"; };
		17FAD86329BF089F0035AF33 /* BMIViewModel.swift */ = {isa = PBXFileReference; lastKnownFileType = sourcecode.swift; path = BMIViewModel.swift; sourceTree = "<group>"; };
		17FAD86529C43D0C0035AF33 /* ProfileViewModel.swift */ = {isa = PBXFileReference; lastKnownFileType = sourcecode.swift; path = ProfileViewModel.swift; sourceTree = "<group>"; };
		17FAD86929C5EFC00035AF33 /* EditProfileView.swift */ = {isa = PBXFileReference; lastKnownFileType = sourcecode.swift; path = EditProfileView.swift; sourceTree = "<group>"; };
		17FAD86B29C601B30035AF33 /* EditProfileViewModel.swift */ = {isa = PBXFileReference; lastKnownFileType = sourcecode.swift; path = EditProfileViewModel.swift; sourceTree = "<group>"; };
		17FAD86D29C74B7D0035AF33 /* CustomWorkoutViewModel.swift */ = {isa = PBXFileReference; lastKnownFileType = sourcecode.swift; path = CustomWorkoutViewModel.swift; sourceTree = "<group>"; };
		17FAD87029C74CEB0035AF33 /* CustomWorkoutContent.swift */ = {isa = PBXFileReference; lastKnownFileType = sourcecode.swift; path = CustomWorkoutContent.swift; sourceTree = "<group>"; };
		17FAD87229C752CE0035AF33 /* WorkoutEditorView.swift */ = {isa = PBXFileReference; lastKnownFileType = sourcecode.swift; path = WorkoutEditorView.swift; sourceTree = "<group>"; };
		17FAD87629C757AA0035AF33 /* WorkoutDetailView.swift */ = {isa = PBXFileReference; lastKnownFileType = sourcecode.swift; path = WorkoutDetailView.swift; sourceTree = "<group>"; };
		17FAD87A29C757F80035AF33 /* WorkoutStartView.swift */ = {isa = PBXFileReference; lastKnownFileType = sourcecode.swift; path = WorkoutStartView.swift; sourceTree = "<group>"; };
		17FAD87C29CAEDD30035AF33 /* WorkoutDetailViewModel.swift */ = {isa = PBXFileReference; lastKnownFileType = sourcecode.swift; path = WorkoutDetailViewModel.swift; sourceTree = "<group>"; };
		17FAD87E29CAEF790035AF33 /* WorkoutMenuViewModel.swift */ = {isa = PBXFileReference; lastKnownFileType = sourcecode.swift; path = WorkoutMenuViewModel.swift; sourceTree = "<group>"; };
		17FAD88029D1EB500035AF33 /* ResultPopUpView.swift */ = {isa = PBXFileReference; lastKnownFileType = sourcecode.swift; path = ResultPopUpView.swift; sourceTree = "<group>"; };
		17FAD88329D2025E0035AF33 /* KeypadExtension.swift */ = {isa = PBXFileReference; lastKnownFileType = sourcecode.swift; path = KeypadExtension.swift; sourceTree = "<group>"; };
		17FAD88A29D43A220035AF33 /* WorkoutTestContent.swift */ = {isa = PBXFileReference; lastKnownFileType = sourcecode.swift; path = WorkoutTestContent.swift; sourceTree = "<group>"; };
		17FAD88C29D43A6A0035AF33 /* WorkoutTestModel.swift */ = {isa = PBXFileReference; lastKnownFileType = sourcecode.swift; path = WorkoutTestModel.swift; sourceTree = "<group>"; };
		17FAD89229D43C100035AF33 /* WorkoutTestView.swift */ = {isa = PBXFileReference; lastKnownFileType = sourcecode.swift; path = WorkoutTestView.swift; sourceTree = "<group>"; };
		17FAD89429D43C500035AF33 /* WorkoutTestEditorView.swift */ = {isa = PBXFileReference; lastKnownFileType = sourcecode.swift; path = WorkoutTestEditorView.swift; sourceTree = "<group>"; };
		17FAD89729D455CE0035AF33 /* WorkoutDataView.swift */ = {isa = PBXFileReference; lastKnownFileType = sourcecode.swift; path = WorkoutDataView.swift; sourceTree = "<group>"; };
		17FAD89929D457F30035AF33 /* DataTitleContent.swift */ = {isa = PBXFileReference; lastKnownFileType = sourcecode.swift; path = DataTitleContent.swift; sourceTree = "<group>"; };
		17FAD8A029D469310035AF33 /* GifImageContent.swift */ = {isa = PBXFileReference; lastKnownFileType = sourcecode.swift; path = GifImageContent.swift; sourceTree = "<group>"; };
		17FAD8A329D731B20035AF33 /* WorkoutMenuContent.swift */ = {isa = PBXFileReference; lastKnownFileType = sourcecode.swift; path = WorkoutMenuContent.swift; sourceTree = "<group>"; };
/* End PBXFileReference section */

/* Begin PBXFrameworksBuildPhase section */
		17DE287B29B1C6EB00F5C186 /* Frameworks */ = {
			isa = PBXFrameworksBuildPhase;
			buildActionMask = 2147483647;
			files = (
				17FAD89129D43A9C0035AF33 /* FirebaseDatabaseSwift in Frameworks */,
				17FAD88F29D43A970035AF33 /* FirebaseDatabase in Frameworks */,
				17FAD88829D2F9270035AF33 /* FirebaseFirestoreSwift in Frameworks */,
				177D75F52A04F0A000CDEB83 /* SDWebImageSwiftUI in Frameworks */,
				17DE28B129B1C9F500F5C186 /* FirebaseAnalyticsSwift in Frameworks */,
				17FAD88629D2F9200035AF33 /* FirebaseFirestore in Frameworks */,
				17DE28B729B1CD0D00F5C186 /* FirebaseAuth in Frameworks */,
				17DE28AF29B1C9F500F5C186 /* FirebaseAnalytics in Frameworks */,
				17FAD89F29D463560035AF33 /* FLAnimatedImage in Frameworks */,
			);
			runOnlyForDeploymentPostprocessing = 0;
		};
		17DE288B29B1C6EC00F5C186 /* Frameworks */ = {
			isa = PBXFrameworksBuildPhase;
			buildActionMask = 2147483647;
			files = (
			);
			runOnlyForDeploymentPostprocessing = 0;
		};
		17DE289529B1C6EC00F5C186 /* Frameworks */ = {
			isa = PBXFrameworksBuildPhase;
			buildActionMask = 2147483647;
			files = (
			);
			runOnlyForDeploymentPostprocessing = 0;
		};
/* End PBXFrameworksBuildPhase section */

/* Begin PBXGroup section */
		177D75EA29EB050700CDEB83 /* Model */ = {
			isa = PBXGroup;
			children = (
				177D75EB29EB059600CDEB83 /* BMIDataContent.swift */,
			);
			path = Model;
			sourceTree = "<group>";
		};
		177D75ED29EB164000CDEB83 /* Model */ = {
			isa = PBXGroup;
			children = (
				177D75EE29EB166800CDEB83 /* FriendsContent.swift */,
			);
			path = Model;
			sourceTree = "<group>";
		};
		177D75F029ED1A0400CDEB83 /* Components */ = {
			isa = PBXGroup;
			children = (
				177D75F129ED1A2900CDEB83 /* FriendListView.swift */,
			);
			path = Components;
			sourceTree = "<group>";
		};
		17DE287529B1C6EB00F5C186 = {
			isa = PBXGroup;
			children = (
				17DE288029B1C6EB00F5C186 /* Fi2 */,
				17DE289129B1C6EC00F5C186 /* Fi2Tests */,
				17DE289B29B1C6EC00F5C186 /* Fi2UITests */,
				17DE287F29B1C6EB00F5C186 /* Products */,
				17DE28B529B1CD0D00F5C186 /* Frameworks */,
			);
			sourceTree = "<group>";
		};
		17DE287F29B1C6EB00F5C186 /* Products */ = {
			isa = PBXGroup;
			children = (
				17DE287E29B1C6EB00F5C186 /* Fi2.app */,
				17DE288E29B1C6EC00F5C186 /* Fi2Tests.xctest */,
				17DE289829B1C6EC00F5C186 /* Fi2UITests.xctest */,
			);
			name = Products;
			sourceTree = "<group>";
		};
		17DE288029B1C6EB00F5C186 /* Fi2 */ = {
			isa = PBXGroup;
			children = (
				177D75F82A05025B00CDEB83 /* Info.plist */,
				17FAD88929D439FC0035AF33 /* FirebaseTest */,
				17FAD88229D202420035AF33 /* Extension */,
				17FAD87829C757C30035AF33 /* WorkoutStartView */,
				17FAD87429C757810035AF33 /* WorkoutDetailView */,
				17FAD86729C5EF8B0035AF33 /* EditProfileView */,
				17FAD85F29BF05920035AF33 /* ProfileView */,
				17DE28C929B5C8C500F5C186 /* CustomWorkoutView */,
				17DE28C829B5C8BA00F5C186 /* WorkoutMenuView */,
				17DE28C729B5C8AE00F5C186 /* BMIView */,
				17DE28BB29B1D27000F5C186 /* MenuPageView */,
				17DE28B229B1CBC600F5C186 /* LoginSignUPView */,
				17DE288129B1C6EB00F5C186 /* Fi2App.swift */,
				17DE288329B1C6EB00F5C186 /* ContentView.swift */,
				17DE288529B1C6EC00F5C186 /* Assets.xcassets */,
				17DE28AB29B1C78E00F5C186 /* GoogleService-Info.plist */,
				17DE288729B1C6EC00F5C186 /* Preview Content */,
			);
			path = Fi2;
			sourceTree = "<group>";
		};
		17DE288729B1C6EC00F5C186 /* Preview Content */ = {
			isa = PBXGroup;
			children = (
				17DE288829B1C6EC00F5C186 /* Preview Assets.xcassets */,
			);
			path = "Preview Content";
			sourceTree = "<group>";
		};
		17DE289129B1C6EC00F5C186 /* Fi2Tests */ = {
			isa = PBXGroup;
			children = (
				17DE289229B1C6EC00F5C186 /* Fi2Tests.swift */,
			);
			path = Fi2Tests;
			sourceTree = "<group>";
		};
		17DE289B29B1C6EC00F5C186 /* Fi2UITests */ = {
			isa = PBXGroup;
			children = (
				17DE289C29B1C6EC00F5C186 /* Fi2UITests.swift */,
				17DE289E29B1C6EC00F5C186 /* Fi2UITestsLaunchTests.swift */,
			);
			path = Fi2UITests;
			sourceTree = "<group>";
		};
		17DE28B229B1CBC600F5C186 /* LoginSignUPView */ = {
			isa = PBXGroup;
			children = (
				17DE28B829B1CFA800F5C186 /* View */,
			);
			path = LoginSignUPView;
			sourceTree = "<group>";
		};
		17DE28B529B1CD0D00F5C186 /* Frameworks */ = {
			isa = PBXGroup;
			children = (
			);
			name = Frameworks;
			sourceTree = "<group>";
		};
		17DE28B829B1CFA800F5C186 /* View */ = {
			isa = PBXGroup;
			children = (
				17DE28B329B1CBFD00F5C186 /* LoginView.swift */,
				17DE28B929B1CFD200F5C186 /* LoginViewModel.swift */,
			);
			path = View;
			sourceTree = "<group>";
		};
		17DE28BB29B1D27000F5C186 /* MenuPageView */ = {
			isa = PBXGroup;
			children = (
				17DE28BC29B1D28000F5C186 /* View */,
			);
			path = MenuPageView;
			sourceTree = "<group>";
		};
		17DE28BC29B1D28000F5C186 /* View */ = {
			isa = PBXGroup;
			children = (
				17DE28BD29B1D29100F5C186 /* MenuPageView.swift */,
			);
			path = View;
			sourceTree = "<group>";
		};
		17DE28C729B5C8AE00F5C186 /* BMIView */ = {
			isa = PBXGroup;
			children = (
				177D75EA29EB050700CDEB83 /* Model */,
				17DE28CA29B5C8D500F5C186 /* View */,
			);
			path = BMIView;
			sourceTree = "<group>";
		};
		17DE28C829B5C8BA00F5C186 /* WorkoutMenuView */ = {
			isa = PBXGroup;
			children = (
				17FAD8A229D731A20035AF33 /* Model */,
				17DE28CC29B5C8EE00F5C186 /* View */,
			);
			path = WorkoutMenuView;
			sourceTree = "<group>";
		};
		17DE28C929B5C8C500F5C186 /* CustomWorkoutView */ = {
			isa = PBXGroup;
			children = (
				17FAD89629D4559B0035AF33 /* Components */,
				17FAD86F29C74CB40035AF33 /* Model */,
				17DE28CD29B5C8F800F5C186 /* View */,
			);
			path = CustomWorkoutView;
			sourceTree = "<group>";
		};
		17DE28CA29B5C8D500F5C186 /* View */ = {
			isa = PBXGroup;
			children = (
				17DE28CE29B5C90C00F5C186 /* BMIView.swift */,
				17FAD86329BF089F0035AF33 /* BMIViewModel.swift */,
				17FAD88029D1EB500035AF33 /* ResultPopUpView.swift */,
			);
			path = View;
			sourceTree = "<group>";
		};
		17DE28CC29B5C8EE00F5C186 /* View */ = {
			isa = PBXGroup;
			children = (
				17DE28D029B5C91700F5C186 /* WorkoutMenuView.swift */,
				17FAD87E29CAEF790035AF33 /* WorkoutMenuViewModel.swift */,
			);
			path = View;
			sourceTree = "<group>";
		};
		17DE28CD29B5C8F800F5C186 /* View */ = {
			isa = PBXGroup;
			children = (
				17DE28D229B5C92900F5C186 /* CustomWorkoutView.swift */,
				17FAD86D29C74B7D0035AF33 /* CustomWorkoutViewModel.swift */,
				17FAD87229C752CE0035AF33 /* WorkoutEditorView.swift */,
			);
			path = View;
			sourceTree = "<group>";
		};
		17FAD85F29BF05920035AF33 /* ProfileView */ = {
			isa = PBXGroup;
			children = (
				177D75F029ED1A0400CDEB83 /* Components */,
				177D75ED29EB164000CDEB83 /* Model */,
				17FAD86029BF05A30035AF33 /* View */,
			);
			path = ProfileView;
			sourceTree = "<group>";
		};
		17FAD86029BF05A30035AF33 /* View */ = {
			isa = PBXGroup;
			children = (
				17FAD86129BF05B20035AF33 /* ProfileView.swift */,
				17FAD86529C43D0C0035AF33 /* ProfileViewModel.swift */,
			);
			path = View;
			sourceTree = "<group>";
		};
		17FAD86729C5EF8B0035AF33 /* EditProfileView */ = {
			isa = PBXGroup;
			children = (
				17FAD86829C5EFAE0035AF33 /* View */,
			);
			path = EditProfileView;
			sourceTree = "<group>";
		};
		17FAD86829C5EFAE0035AF33 /* View */ = {
			isa = PBXGroup;
			children = (
				17FAD86929C5EFC00035AF33 /* EditProfileView.swift */,
				17FAD86B29C601B30035AF33 /* EditProfileViewModel.swift */,
			);
			path = View;
			sourceTree = "<group>";
		};
		17FAD86F29C74CB40035AF33 /* Model */ = {
			isa = PBXGroup;
			children = (
				17FAD87029C74CEB0035AF33 /* CustomWorkoutContent.swift */,
				17FAD89929D457F30035AF33 /* DataTitleContent.swift */,
			);
			path = Model;
			sourceTree = "<group>";
		};
		17FAD87429C757810035AF33 /* WorkoutDetailView */ = {
			isa = PBXGroup;
			children = (
				17FAD87529C757930035AF33 /* View */,
			);
			path = WorkoutDetailView;
			sourceTree = "<group>";
		};
		17FAD87529C757930035AF33 /* View */ = {
			isa = PBXGroup;
			children = (
				17FAD87629C757AA0035AF33 /* WorkoutDetailView.swift */,
				17FAD87C29CAEDD30035AF33 /* WorkoutDetailViewModel.swift */,
			);
			path = View;
			sourceTree = "<group>";
		};
		17FAD87829C757C30035AF33 /* WorkoutStartView */ = {
			isa = PBXGroup;
			children = (
				17FAD87929C757E70035AF33 /* View */,
			);
			path = WorkoutStartView;
			sourceTree = "<group>";
		};
		17FAD87929C757E70035AF33 /* View */ = {
			isa = PBXGroup;
			children = (
				17FAD87A29C757F80035AF33 /* WorkoutStartView.swift */,
				174C032E29E41043004D53A9 /* WorkoutStartViewModel.swift */,
			);
			path = View;
			sourceTree = "<group>";
		};
		17FAD88229D202420035AF33 /* Extension */ = {
			isa = PBXGroup;
			children = (
				17FAD88329D2025E0035AF33 /* KeypadExtension.swift */,
				17FAD8A029D469310035AF33 /* GifImageContent.swift */,
				177D75F62A04F64D00CDEB83 /* ImageLoader.swift */,
			);
			path = Extension;
			sourceTree = "<group>";
		};
		17FAD88929D439FC0035AF33 /* FirebaseTest */ = {
			isa = PBXGroup;
			children = (
				17FAD88A29D43A220035AF33 /* WorkoutTestContent.swift */,
				17FAD88C29D43A6A0035AF33 /* WorkoutTestModel.swift */,
				17FAD89229D43C100035AF33 /* WorkoutTestView.swift */,
				17FAD89429D43C500035AF33 /* WorkoutTestEditorView.swift */,
			);
			path = FirebaseTest;
			sourceTree = "<group>";
		};
		17FAD89629D4559B0035AF33 /* Components */ = {
			isa = PBXGroup;
			children = (
				17FAD89729D455CE0035AF33 /* WorkoutDataView.swift */,
			);
			path = Components;
			sourceTree = "<group>";
		};
		17FAD8A229D731A20035AF33 /* Model */ = {
			isa = PBXGroup;
			children = (
				17FAD8A329D731B20035AF33 /* WorkoutMenuContent.swift */,
			);
			path = Model;
			sourceTree = "<group>";
		};
/* End PBXGroup section */

/* Begin PBXNativeTarget section */
		17DE287D29B1C6EB00F5C186 /* Fi2 */ = {
			isa = PBXNativeTarget;
			buildConfigurationList = 17DE28A229B1C6EC00F5C186 /* Build configuration list for PBXNativeTarget "Fi2" */;
			buildPhases = (
				17DE287A29B1C6EB00F5C186 /* Sources */,
				17DE287B29B1C6EB00F5C186 /* Frameworks */,
				17DE287C29B1C6EB00F5C186 /* Resources */,
			);
			buildRules = (
			);
			dependencies = (
			);
			name = Fi2;
			packageProductDependencies = (
				17DE28AE29B1C9F500F5C186 /* FirebaseAnalytics */,
				17DE28B029B1C9F500F5C186 /* FirebaseAnalyticsSwift */,
				17DE28B629B1CD0D00F5C186 /* FirebaseAuth */,
				17FAD88529D2F9200035AF33 /* FirebaseFirestore */,
				17FAD88729D2F9270035AF33 /* FirebaseFirestoreSwift */,
				17FAD88E29D43A970035AF33 /* FirebaseDatabase */,
				17FAD89029D43A9C0035AF33 /* FirebaseDatabaseSwift */,
				17FAD89E29D463560035AF33 /* FLAnimatedImage */,
				177D75F42A04F0A000CDEB83 /* SDWebImageSwiftUI */,
			);
			productName = Fi2;
			productReference = 17DE287E29B1C6EB00F5C186 /* Fi2.app */;
			productType = "com.apple.product-type.application";
		};
		17DE288D29B1C6EC00F5C186 /* Fi2Tests */ = {
			isa = PBXNativeTarget;
			buildConfigurationList = 17DE28A529B1C6EC00F5C186 /* Build configuration list for PBXNativeTarget "Fi2Tests" */;
			buildPhases = (
				17DE288A29B1C6EC00F5C186 /* Sources */,
				17DE288B29B1C6EC00F5C186 /* Frameworks */,
				17DE288C29B1C6EC00F5C186 /* Resources */,
			);
			buildRules = (
			);
			dependencies = (
				17DE289029B1C6EC00F5C186 /* PBXTargetDependency */,
			);
			name = Fi2Tests;
			productName = Fi2Tests;
			productReference = 17DE288E29B1C6EC00F5C186 /* Fi2Tests.xctest */;
			productType = "com.apple.product-type.bundle.unit-test";
		};
		17DE289729B1C6EC00F5C186 /* Fi2UITests */ = {
			isa = PBXNativeTarget;
			buildConfigurationList = 17DE28A829B1C6EC00F5C186 /* Build configuration list for PBXNativeTarget "Fi2UITests" */;
			buildPhases = (
				17DE289429B1C6EC00F5C186 /* Sources */,
				17DE289529B1C6EC00F5C186 /* Frameworks */,
				17DE289629B1C6EC00F5C186 /* Resources */,
			);
			buildRules = (
			);
			dependencies = (
				17DE289A29B1C6EC00F5C186 /* PBXTargetDependency */,
			);
			name = Fi2UITests;
			productName = Fi2UITests;
			productReference = 17DE289829B1C6EC00F5C186 /* Fi2UITests.xctest */;
			productType = "com.apple.product-type.bundle.ui-testing";
		};
/* End PBXNativeTarget section */

/* Begin PBXProject section */
		17DE287629B1C6EB00F5C186 /* Project object */ = {
			isa = PBXProject;
			attributes = {
				BuildIndependentTargetsInParallel = 1;
				LastSwiftUpdateCheck = 1410;
				LastUpgradeCheck = 1410;
				TargetAttributes = {
					17DE287D29B1C6EB00F5C186 = {
						CreatedOnToolsVersion = 14.1;
					};
					17DE288D29B1C6EC00F5C186 = {
						CreatedOnToolsVersion = 14.1;
						TestTargetID = 17DE287D29B1C6EB00F5C186;
					};
					17DE289729B1C6EC00F5C186 = {
						CreatedOnToolsVersion = 14.1;
						TestTargetID = 17DE287D29B1C6EB00F5C186;
					};
				};
			};
			buildConfigurationList = 17DE287929B1C6EB00F5C186 /* Build configuration list for PBXProject "Fi2" */;
			compatibilityVersion = "Xcode 14.0";
			developmentRegion = en;
			hasScannedForEncodings = 0;
			knownRegions = (
				en,
				Base,
			);
			mainGroup = 17DE287529B1C6EB00F5C186;
			packageReferences = (
				17DE28AD29B1C9F500F5C186 /* XCRemoteSwiftPackageReference "firebase-ios-sdk" */,
				17FAD89D29D463560035AF33 /* XCRemoteSwiftPackageReference "FLAnimatedImage" */,
				177D75F32A04F0A000CDEB83 /* XCRemoteSwiftPackageReference "SDWebImageSwiftUI" */,
			);
			productRefGroup = 17DE287F29B1C6EB00F5C186 /* Products */;
			projectDirPath = "";
			projectRoot = "";
			targets = (
				17DE287D29B1C6EB00F5C186 /* Fi2 */,
				17DE288D29B1C6EC00F5C186 /* Fi2Tests */,
				17DE289729B1C6EC00F5C186 /* Fi2UITests */,
			);
		};
/* End PBXProject section */

/* Begin PBXResourcesBuildPhase section */
		17DE287C29B1C6EB00F5C186 /* Resources */ = {
			isa = PBXResourcesBuildPhase;
			buildActionMask = 2147483647;
			files = (
				17DE288929B1C6EC00F5C186 /* Preview Assets.xcassets in Resources */,
				17DE288629B1C6EC00F5C186 /* Assets.xcassets in Resources */,
				17DE28AC29B1C78E00F5C186 /* GoogleService-Info.plist in Resources */,
			);
			runOnlyForDeploymentPostprocessing = 0;
		};
		17DE288C29B1C6EC00F5C186 /* Resources */ = {
			isa = PBXResourcesBuildPhase;
			buildActionMask = 2147483647;
			files = (
			);
			runOnlyForDeploymentPostprocessing = 0;
		};
		17DE289629B1C6EC00F5C186 /* Resources */ = {
			isa = PBXResourcesBuildPhase;
			buildActionMask = 2147483647;
			files = (
			);
			runOnlyForDeploymentPostprocessing = 0;
		};
/* End PBXResourcesBuildPhase section */

/* Begin PBXSourcesBuildPhase section */
		17DE287A29B1C6EB00F5C186 /* Sources */ = {
			isa = PBXSourcesBuildPhase;
			buildActionMask = 2147483647;
			files = (
				177D75EC29EB059600CDEB83 /* BMIDataContent.swift in Sources */,
				17FAD89A29D457F30035AF33 /* DataTitleContent.swift in Sources */,
				17DE28BA29B1CFD200F5C186 /* LoginViewModel.swift in Sources */,
				17FAD87F29CAEF790035AF33 /* WorkoutMenuViewModel.swift in Sources */,
				17FAD87B29C757F80035AF33 /* WorkoutStartView.swift in Sources */,
				17FAD87129C74CEB0035AF33 /* CustomWorkoutContent.swift in Sources */,
				17FAD87729C757AA0035AF33 /* WorkoutDetailView.swift in Sources */,
				17FAD8A129D469310035AF33 /* GifImageContent.swift in Sources */,
				17FAD88D29D43A6A0035AF33 /* WorkoutTestModel.swift in Sources */,
				17FAD8A429D731B20035AF33 /* WorkoutMenuContent.swift in Sources */,
				17FAD87D29CAEDD30035AF33 /* WorkoutDetailViewModel.swift in Sources */,
				17FAD86C29C601B30035AF33 /* EditProfileViewModel.swift in Sources */,
				174C032F29E41043004D53A9 /* WorkoutStartViewModel.swift in Sources */,
				177D75F72A04F64D00CDEB83 /* ImageLoader.swift in Sources */,
				17FAD88129D1EB500035AF33 /* ResultPopUpView.swift in Sources */,
				177D75EF29EB166800CDEB83 /* FriendsContent.swift in Sources */,
				17DE28B429B1CBFD00F5C186 /* LoginView.swift in Sources */,
				17DE28CF29B5C90C00F5C186 /* BMIView.swift in Sources */,
				17FAD89829D455CE0035AF33 /* WorkoutDataView.swift in Sources */,
				17FAD86429BF089F0035AF33 /* BMIViewModel.swift in Sources */,
				17DE28BE29B1D29100F5C186 /* MenuPageView.swift in Sources */,
				17DE288429B1C6EB00F5C186 /* ContentView.swift in Sources */,
				17FAD86E29C74B7D0035AF33 /* CustomWorkoutViewModel.swift in Sources */,
				17FAD86A29C5EFC00035AF33 /* EditProfileView.swift in Sources */,
				177D75F229ED1A2900CDEB83 /* FriendListView.swift in Sources */,
				17FAD89329D43C100035AF33 /* WorkoutTestView.swift in Sources */,
				17DE28D129B5C91700F5C186 /* WorkoutMenuView.swift in Sources */,
				17FAD86629C43D0C0035AF33 /* ProfileViewModel.swift in Sources */,
				17FAD89529D43C500035AF33 /* WorkoutTestEditorView.swift in Sources */,
				17DE288229B1C6EB00F5C186 /* Fi2App.swift in Sources */,
				17FAD88B29D43A220035AF33 /* WorkoutTestContent.swift in Sources */,
				17FAD86229BF05B20035AF33 /* ProfileView.swift in Sources */,
				17FAD88429D2025E0035AF33 /* KeypadExtension.swift in Sources */,
				17DE28D329B5C92900F5C186 /* CustomWorkoutView.swift in Sources */,
				17FAD87329C752CE0035AF33 /* WorkoutEditorView.swift in Sources */,
			);
			runOnlyForDeploymentPostprocessing = 0;
		};
		17DE288A29B1C6EC00F5C186 /* Sources */ = {
			isa = PBXSourcesBuildPhase;
			buildActionMask = 2147483647;
			files = (
				17DE289329B1C6EC00F5C186 /* Fi2Tests.swift in Sources */,
			);
			runOnlyForDeploymentPostprocessing = 0;
		};
		17DE289429B1C6EC00F5C186 /* Sources */ = {
			isa = PBXSourcesBuildPhase;
			buildActionMask = 2147483647;
			files = (
				17DE289F29B1C6EC00F5C186 /* Fi2UITestsLaunchTests.swift in Sources */,
				17DE289D29B1C6EC00F5C186 /* Fi2UITests.swift in Sources */,
			);
			runOnlyForDeploymentPostprocessing = 0;
		};
/* End PBXSourcesBuildPhase section */

/* Begin PBXTargetDependency section */
		17DE289029B1C6EC00F5C186 /* PBXTargetDependency */ = {
			isa = PBXTargetDependency;
			target = 17DE287D29B1C6EB00F5C186 /* Fi2 */;
			targetProxy = 17DE288F29B1C6EC00F5C186 /* PBXContainerItemProxy */;
		};
		17DE289A29B1C6EC00F5C186 /* PBXTargetDependency */ = {
			isa = PBXTargetDependency;
			target = 17DE287D29B1C6EB00F5C186 /* Fi2 */;
			targetProxy = 17DE289929B1C6EC00F5C186 /* PBXContainerItemProxy */;
		};
/* End PBXTargetDependency section */

/* Begin XCBuildConfiguration section */
		17DE28A029B1C6EC00F5C186 /* Debug */ = {
			isa = XCBuildConfiguration;
			buildSettings = {
				ALWAYS_SEARCH_USER_PATHS = NO;
				CLANG_ANALYZER_NONNULL = YES;
				CLANG_ANALYZER_NUMBER_OBJECT_CONVERSION = YES_AGGRESSIVE;
				CLANG_CXX_LANGUAGE_STANDARD = "gnu++20";
				CLANG_ENABLE_MODULES = YES;
				CLANG_ENABLE_OBJC_ARC = YES;
				CLANG_ENABLE_OBJC_WEAK = YES;
				CLANG_WARN_BLOCK_CAPTURE_AUTORELEASING = YES;
				CLANG_WARN_BOOL_CONVERSION = YES;
				CLANG_WARN_COMMA = YES;
				CLANG_WARN_CONSTANT_CONVERSION = YES;
				CLANG_WARN_DEPRECATED_OBJC_IMPLEMENTATIONS = YES;
				CLANG_WARN_DIRECT_OBJC_ISA_USAGE = YES_ERROR;
				CLANG_WARN_DOCUMENTATION_COMMENTS = YES;
				CLANG_WARN_EMPTY_BODY = YES;
				CLANG_WARN_ENUM_CONVERSION = YES;
				CLANG_WARN_INFINITE_RECURSION = YES;
				CLANG_WARN_INT_CONVERSION = YES;
				CLANG_WARN_NON_LITERAL_NULL_CONVERSION = YES;
				CLANG_WARN_OBJC_IMPLICIT_RETAIN_SELF = YES;
				CLANG_WARN_OBJC_LITERAL_CONVERSION = YES;
				CLANG_WARN_OBJC_ROOT_CLASS = YES_ERROR;
				CLANG_WARN_QUOTED_INCLUDE_IN_FRAMEWORK_HEADER = YES;
				CLANG_WARN_RANGE_LOOP_ANALYSIS = YES;
				CLANG_WARN_STRICT_PROTOTYPES = YES;
				CLANG_WARN_SUSPICIOUS_MOVE = YES;
				CLANG_WARN_UNGUARDED_AVAILABILITY = YES_AGGRESSIVE;
				CLANG_WARN_UNREACHABLE_CODE = YES;
				CLANG_WARN__DUPLICATE_METHOD_MATCH = YES;
				COPY_PHASE_STRIP = NO;
				DEBUG_INFORMATION_FORMAT = dwarf;
				ENABLE_STRICT_OBJC_MSGSEND = YES;
				ENABLE_TESTABILITY = YES;
				GCC_C_LANGUAGE_STANDARD = gnu11;
				GCC_DYNAMIC_NO_PIC = NO;
				GCC_NO_COMMON_BLOCKS = YES;
				GCC_OPTIMIZATION_LEVEL = 0;
				GCC_PREPROCESSOR_DEFINITIONS = (
					"DEBUG=1",
					"$(inherited)",
				);
				GCC_WARN_64_TO_32_BIT_CONVERSION = YES;
				GCC_WARN_ABOUT_RETURN_TYPE = YES_ERROR;
				GCC_WARN_UNDECLARED_SELECTOR = YES;
				GCC_WARN_UNINITIALIZED_AUTOS = YES_AGGRESSIVE;
				GCC_WARN_UNUSED_FUNCTION = YES;
				GCC_WARN_UNUSED_VARIABLE = YES;
				IPHONEOS_DEPLOYMENT_TARGET = 16.1;
				MTL_ENABLE_DEBUG_INFO = INCLUDE_SOURCE;
				MTL_FAST_MATH = YES;
				ONLY_ACTIVE_ARCH = YES;
				SDKROOT = iphoneos;
				SWIFT_ACTIVE_COMPILATION_CONDITIONS = DEBUG;
				SWIFT_OPTIMIZATION_LEVEL = "-Onone";
			};
			name = Debug;
		};
		17DE28A129B1C6EC00F5C186 /* Release */ = {
			isa = XCBuildConfiguration;
			buildSettings = {
				ALWAYS_SEARCH_USER_PATHS = NO;
				CLANG_ANALYZER_NONNULL = YES;
				CLANG_ANALYZER_NUMBER_OBJECT_CONVERSION = YES_AGGRESSIVE;
				CLANG_CXX_LANGUAGE_STANDARD = "gnu++20";
				CLANG_ENABLE_MODULES = YES;
				CLANG_ENABLE_OBJC_ARC = YES;
				CLANG_ENABLE_OBJC_WEAK = YES;
				CLANG_WARN_BLOCK_CAPTURE_AUTORELEASING = YES;
				CLANG_WARN_BOOL_CONVERSION = YES;
				CLANG_WARN_COMMA = YES;
				CLANG_WARN_CONSTANT_CONVERSION = YES;
				CLANG_WARN_DEPRECATED_OBJC_IMPLEMENTATIONS = YES;
				CLANG_WARN_DIRECT_OBJC_ISA_USAGE = YES_ERROR;
				CLANG_WARN_DOCUMENTATION_COMMENTS = YES;
				CLANG_WARN_EMPTY_BODY = YES;
				CLANG_WARN_ENUM_CONVERSION = YES;
				CLANG_WARN_INFINITE_RECURSION = YES;
				CLANG_WARN_INT_CONVERSION = YES;
				CLANG_WARN_NON_LITERAL_NULL_CONVERSION = YES;
				CLANG_WARN_OBJC_IMPLICIT_RETAIN_SELF = YES;
				CLANG_WARN_OBJC_LITERAL_CONVERSION = YES;
				CLANG_WARN_OBJC_ROOT_CLASS = YES_ERROR;
				CLANG_WARN_QUOTED_INCLUDE_IN_FRAMEWORK_HEADER = YES;
				CLANG_WARN_RANGE_LOOP_ANALYSIS = YES;
				CLANG_WARN_STRICT_PROTOTYPES = YES;
				CLANG_WARN_SUSPICIOUS_MOVE = YES;
				CLANG_WARN_UNGUARDED_AVAILABILITY = YES_AGGRESSIVE;
				CLANG_WARN_UNREACHABLE_CODE = YES;
				CLANG_WARN__DUPLICATE_METHOD_MATCH = YES;
				COPY_PHASE_STRIP = NO;
				DEBUG_INFORMATION_FORMAT = "dwarf-with-dsym";
				ENABLE_NS_ASSERTIONS = NO;
				ENABLE_STRICT_OBJC_MSGSEND = YES;
				GCC_C_LANGUAGE_STANDARD = gnu11;
				GCC_NO_COMMON_BLOCKS = YES;
				GCC_WARN_64_TO_32_BIT_CONVERSION = YES;
				GCC_WARN_ABOUT_RETURN_TYPE = YES_ERROR;
				GCC_WARN_UNDECLARED_SELECTOR = YES;
				GCC_WARN_UNINITIALIZED_AUTOS = YES_AGGRESSIVE;
				GCC_WARN_UNUSED_FUNCTION = YES;
				GCC_WARN_UNUSED_VARIABLE = YES;
				IPHONEOS_DEPLOYMENT_TARGET = 16.1;
				MTL_ENABLE_DEBUG_INFO = NO;
				MTL_FAST_MATH = YES;
				SDKROOT = iphoneos;
				SWIFT_COMPILATION_MODE = wholemodule;
				SWIFT_OPTIMIZATION_LEVEL = "-O";
				VALIDATE_PRODUCT = YES;
			};
			name = Release;
		};
		17DE28A329B1C6EC00F5C186 /* Debug */ = {
			isa = XCBuildConfiguration;
			buildSettings = {
				ASSETCATALOG_COMPILER_APPICON_NAME = AppIcon;
				ASSETCATALOG_COMPILER_GLOBAL_ACCENT_COLOR_NAME = AccentColor;
				CODE_SIGN_STYLE = Automatic;
				CURRENT_PROJECT_VERSION = 1;
				DEVELOPMENT_ASSET_PATHS = "\"Fi2/Preview Content\"";
				DEVELOPMENT_TEAM = D98G8X42P8;
				ENABLE_PREVIEWS = YES;
				GENERATE_INFOPLIST_FILE = YES;
				INFOPLIST_FILE = Fi2/Info.plist;
				INFOPLIST_KEY_UIApplicationSceneManifest_Generation = YES;
				INFOPLIST_KEY_UIApplicationSupportsIndirectInputEvents = YES;
				INFOPLIST_KEY_UILaunchScreen_Generation = YES;
				INFOPLIST_KEY_UIStatusBarStyle = UIStatusBarStyleLightContent;
				INFOPLIST_KEY_UISupportedInterfaceOrientations = UIInterfaceOrientationPortrait;
				LD_RUNPATH_SEARCH_PATHS = (
					"$(inherited)",
					"@executable_path/Frameworks",
				);
				MARKETING_VERSION = 1.0;
				PRODUCT_BUNDLE_IDENTIFIER = com.iplayallday.Fi2;
				PRODUCT_NAME = "$(TARGET_NAME)";
				SWIFT_EMIT_LOC_STRINGS = YES;
				SWIFT_VERSION = 5.0;
				TARGETED_DEVICE_FAMILY = "1,2";
			};
			name = Debug;
		};
		17DE28A429B1C6EC00F5C186 /* Release */ = {
			isa = XCBuildConfiguration;
			buildSettings = {
				ASSETCATALOG_COMPILER_APPICON_NAME = AppIcon;
				ASSETCATALOG_COMPILER_GLOBAL_ACCENT_COLOR_NAME = AccentColor;
				CODE_SIGN_STYLE = Automatic;
				CURRENT_PROJECT_VERSION = 1;
				DEVELOPMENT_ASSET_PATHS = "\"Fi2/Preview Content\"";
				DEVELOPMENT_TEAM = D98G8X42P8;
				ENABLE_PREVIEWS = YES;
				GENERATE_INFOPLIST_FILE = YES;
				INFOPLIST_FILE = Fi2/Info.plist;
				INFOPLIST_KEY_UIApplicationSceneManifest_Generation = YES;
				INFOPLIST_KEY_UIApplicationSupportsIndirectInputEvents = YES;
				INFOPLIST_KEY_UILaunchScreen_Generation = YES;
				INFOPLIST_KEY_UIStatusBarStyle = UIStatusBarStyleLightContent;
				INFOPLIST_KEY_UISupportedInterfaceOrientations = UIInterfaceOrientationPortrait;
				LD_RUNPATH_SEARCH_PATHS = (
					"$(inherited)",
					"@executable_path/Frameworks",
				);
				MARKETING_VERSION = 1.0;
				PRODUCT_BUNDLE_IDENTIFIER = com.iplayallday.Fi2;
				PRODUCT_NAME = "$(TARGET_NAME)";
				SWIFT_EMIT_LOC_STRINGS = YES;
				SWIFT_VERSION = 5.0;
				TARGETED_DEVICE_FAMILY = "1,2";
			};
			name = Release;
		};
		17DE28A629B1C6EC00F5C186 /* Debug */ = {
			isa = XCBuildConfiguration;
			buildSettings = {
				ALWAYS_EMBED_SWIFT_STANDARD_LIBRARIES = YES;
				BUNDLE_LOADER = "$(TEST_HOST)";
				CODE_SIGN_STYLE = Automatic;
				CURRENT_PROJECT_VERSION = 1;
				DEVELOPMENT_TEAM = D98G8X42P8;
				GENERATE_INFOPLIST_FILE = YES;
				IPHONEOS_DEPLOYMENT_TARGET = 16.1;
				MARKETING_VERSION = 1.0;
				PRODUCT_BUNDLE_IDENTIFIER = com.iplayallday.Fi2Tests;
				PRODUCT_NAME = "$(TARGET_NAME)";
				SWIFT_EMIT_LOC_STRINGS = NO;
				SWIFT_VERSION = 5.0;
				TARGETED_DEVICE_FAMILY = "1,2";
				TEST_HOST = "$(BUILT_PRODUCTS_DIR)/Fi2.app/$(BUNDLE_EXECUTABLE_FOLDER_PATH)/Fi2";
			};
			name = Debug;
		};
		17DE28A729B1C6EC00F5C186 /* Release */ = {
			isa = XCBuildConfiguration;
			buildSettings = {
				ALWAYS_EMBED_SWIFT_STANDARD_LIBRARIES = YES;
				BUNDLE_LOADER = "$(TEST_HOST)";
				CODE_SIGN_STYLE = Automatic;
				CURRENT_PROJECT_VERSION = 1;
				DEVELOPMENT_TEAM = D98G8X42P8;
				GENERATE_INFOPLIST_FILE = YES;
				IPHONEOS_DEPLOYMENT_TARGET = 16.1;
				MARKETING_VERSION = 1.0;
				PRODUCT_BUNDLE_IDENTIFIER = com.iplayallday.Fi2Tests;
				PRODUCT_NAME = "$(TARGET_NAME)";
				SWIFT_EMIT_LOC_STRINGS = NO;
				SWIFT_VERSION = 5.0;
				TARGETED_DEVICE_FAMILY = "1,2";
				TEST_HOST = "$(BUILT_PRODUCTS_DIR)/Fi2.app/$(BUNDLE_EXECUTABLE_FOLDER_PATH)/Fi2";
			};
			name = Release;
		};
		17DE28A929B1C6EC00F5C186 /* Debug */ = {
			isa = XCBuildConfiguration;
			buildSettings = {
				ALWAYS_EMBED_SWIFT_STANDARD_LIBRARIES = YES;
				CODE_SIGN_STYLE = Automatic;
				CURRENT_PROJECT_VERSION = 1;
				DEVELOPMENT_TEAM = D98G8X42P8;
				GENERATE_INFOPLIST_FILE = YES;
				MARKETING_VERSION = 1.0;
				PRODUCT_BUNDLE_IDENTIFIER = com.iplayallday.Fi2UITests;
				PRODUCT_NAME = "$(TARGET_NAME)";
				SWIFT_EMIT_LOC_STRINGS = NO;
				SWIFT_VERSION = 5.0;
				TARGETED_DEVICE_FAMILY = "1,2";
				TEST_TARGET_NAME = Fi2;
			};
			name = Debug;
		};
		17DE28AA29B1C6EC00F5C186 /* Release */ = {
			isa = XCBuildConfiguration;
			buildSettings = {
				ALWAYS_EMBED_SWIFT_STANDARD_LIBRARIES = YES;
				CODE_SIGN_STYLE = Automatic;
				CURRENT_PROJECT_VERSION = 1;
				DEVELOPMENT_TEAM = D98G8X42P8;
				GENERATE_INFOPLIST_FILE = YES;
				MARKETING_VERSION = 1.0;
				PRODUCT_BUNDLE_IDENTIFIER = com.iplayallday.Fi2UITests;
				PRODUCT_NAME = "$(TARGET_NAME)";
				SWIFT_EMIT_LOC_STRINGS = NO;
				SWIFT_VERSION = 5.0;
				TARGETED_DEVICE_FAMILY = "1,2";
				TEST_TARGET_NAME = Fi2;
			};
			name = Release;
		};
/* End XCBuildConfiguration section */

/* Begin XCConfigurationList section */
		17DE287929B1C6EB00F5C186 /* Build configuration list for PBXProject "Fi2" */ = {
			isa = XCConfigurationList;
			buildConfigurations = (
				17DE28A029B1C6EC00F5C186 /* Debug */,
				17DE28A129B1C6EC00F5C186 /* Release */,
			);
			defaultConfigurationIsVisible = 0;
			defaultConfigurationName = Release;
		};
		17DE28A229B1C6EC00F5C186 /* Build configuration list for PBXNativeTarget "Fi2" */ = {
			isa = XCConfigurationList;
			buildConfigurations = (
				17DE28A329B1C6EC00F5C186 /* Debug */,
				17DE28A429B1C6EC00F5C186 /* Release */,
			);
			defaultConfigurationIsVisible = 0;
			defaultConfigurationName = Release;
		};
		17DE28A529B1C6EC00F5C186 /* Build configuration list for PBXNativeTarget "Fi2Tests" */ = {
			isa = XCConfigurationList;
			buildConfigurations = (
				17DE28A629B1C6EC00F5C186 /* Debug */,
				17DE28A729B1C6EC00F5C186 /* Release */,
			);
			defaultConfigurationIsVisible = 0;
			defaultConfigurationName = Release;
		};
		17DE28A829B1C6EC00F5C186 /* Build configuration list for PBXNativeTarget "Fi2UITests" */ = {
			isa = XCConfigurationList;
			buildConfigurations = (
				17DE28A929B1C6EC00F5C186 /* Debug */,
				17DE28AA29B1C6EC00F5C186 /* Release */,
			);
			defaultConfigurationIsVisible = 0;
			defaultConfigurationName = Release;
		};
/* End XCConfigurationList section */

/* Begin XCRemoteSwiftPackageReference section */
		177D75F32A04F0A000CDEB83 /* XCRemoteSwiftPackageReference "SDWebImageSwiftUI" */ = {
			isa = XCRemoteSwiftPackageReference;
			repositoryURL = "https://github.com/SDWebImage/SDWebImageSwiftUI.git";
			requirement = {
				kind = upToNextMajorVersion;
				minimumVersion = 2.0.0;
			};
		};
		17DE28AD29B1C9F500F5C186 /* XCRemoteSwiftPackageReference "firebase-ios-sdk" */ = {
			isa = XCRemoteSwiftPackageReference;
			repositoryURL = "https://github.com/firebase/firebase-ios-sdk";
			requirement = {
				kind = upToNextMajorVersion;
				minimumVersion = 9.0.0;
			};
		};
		17FAD89D29D463560035AF33 /* XCRemoteSwiftPackageReference "FLAnimatedImage" */ = {
			isa = XCRemoteSwiftPackageReference;
			repositoryURL = "https://github.com/Flipboard/FLAnimatedImage.git";
			requirement = {
				branch = master;
				kind = branch;
			};
		};
/* End XCRemoteSwiftPackageReference section */

/* Begin XCSwiftPackageProductDependency section */
		177D75F42A04F0A000CDEB83 /* SDWebImageSwiftUI */ = {
			isa = XCSwiftPackageProductDependency;
			package = 177D75F32A04F0A000CDEB83 /* XCRemoteSwiftPackageReference "SDWebImageSwiftUI" */;
			productName = SDWebImageSwiftUI;
		};
		17DE28AE29B1C9F500F5C186 /* FirebaseAnalytics */ = {
			isa = XCSwiftPackageProductDependency;
			package = 17DE28AD29B1C9F500F5C186 /* XCRemoteSwiftPackageReference "firebase-ios-sdk" */;
			productName = FirebaseAnalytics;
		};
		17DE28B029B1C9F500F5C186 /* FirebaseAnalyticsSwift */ = {
			isa = XCSwiftPackageProductDependency;
			package = 17DE28AD29B1C9F500F5C186 /* XCRemoteSwiftPackageReference "firebase-ios-sdk" */;
			productName = FirebaseAnalyticsSwift;
		};
		17DE28B629B1CD0D00F5C186 /* FirebaseAuth */ = {
			isa = XCSwiftPackageProductDependency;
			package = 17DE28AD29B1C9F500F5C186 /* XCRemoteSwiftPackageReference "firebase-ios-sdk" */;
			productName = FirebaseAuth;
		};
		17FAD88529D2F9200035AF33 /* FirebaseFirestore */ = {
			isa = XCSwiftPackageProductDependency;
			package = 17DE28AD29B1C9F500F5C186 /* XCRemoteSwiftPackageReference "firebase-ios-sdk" */;
			productName = FirebaseFirestore;
		};
		17FAD88729D2F9270035AF33 /* FirebaseFirestoreSwift */ = {
			isa = XCSwiftPackageProductDependency;
			package = 17DE28AD29B1C9F500F5C186 /* XCRemoteSwiftPackageReference "firebase-ios-sdk" */;
			productName = FirebaseFirestoreSwift;
		};
		17FAD88E29D43A970035AF33 /* FirebaseDatabase */ = {
			isa = XCSwiftPackageProductDependency;
			package = 17DE28AD29B1C9F500F5C186 /* XCRemoteSwiftPackageReference "firebase-ios-sdk" */;
			productName = FirebaseDatabase;
		};
		17FAD89029D43A9C0035AF33 /* FirebaseDatabaseSwift */ = {
			isa = XCSwiftPackageProductDependency;
			package = 17DE28AD29B1C9F500F5C186 /* XCRemoteSwiftPackageReference "firebase-ios-sdk" */;
			productName = FirebaseDatabaseSwift;
		};
		17FAD89E29D463560035AF33 /* FLAnimatedImage */ = {
			isa = XCSwiftPackageProductDependency;
			package = 17FAD89D29D463560035AF33 /* XCRemoteSwiftPackageReference "FLAnimatedImage" */;
			productName = FLAnimatedImage;
		};
/* End XCSwiftPackageProductDependency section */
	};
	rootObject = 17DE287629B1C6EB00F5C186 /* Project object */;
}
